{
  "name": "arithmetic-racer",
  "version": "0.1.0",
  "lockfileVersion": 3,
  "requires": true,
  "packages": {
    "": {
      "name": "arithmetic-racer",
      "version": "0.1.0",
      "license": "MIT",
      "dependencies": {
        "partyserver": "^0.5.5",
        "partysocket": "^1.1.18"
      }
    },
    "node_modules/@cloudflare/workers-types": {
      "version": "4.20260507.1",
      "resolved": "https://registry.npmjs.org/@cloudflare/workers-types/-/workers-types-4.20260507.1.tgz",
      "integrity": "sha512-QChtMFu8EeVKaL4dW5r5wfZzlbH5CUnZU5Ef6E1cPjXzqryQuCwmEDNr+Oj2obbKR9jsVIUHPF/pkFaKWdYl2g==",
      "license": "MIT OR Apache-2.0",
      "peer": true
    },
    "node_modules/event-target-polyfill": {
      "version": "0.0.4",
      "resolved": "https://registry.npmjs.org/event-target-polyfill/-/event-target-polyfill-0.0.4.tgz",
      "integrity": "sha512-Gs6RLjzlLRdT8X9ZipJdIZI/Y6/HhRLyq9RdDlCsnpxr/+Nn6bU2EFGuC94GjxqhM+Nmij2Vcq98yoHrU8uNFQ==",
      "license": "MIT"
    },
    "node_modules/nanoid": {
      "version": "5.1.11",
      "resolved": "https://registry.npmjs.org/nanoid/-/nanoid-5.1.11.tgz",
      "integrity": "sha512-v+KEsUv2ps74PaSKv0gHTxTCgMXOIfBEbaqa6w6ISIGC7ZsvHN4N9oJ8d4cmf0n5oTzQz2SLmThbQWhjd/8eKg==",
      "funding": [
        {
          "type": "github",
          "url": "https://github.com/sponsors/ai"
        }
      ],
      "license": "MIT",
      "bin": {
        "nanoid": "bin/nanoid.js"
      },
      "engines": {
        "node": "^18 || >=20"
      }
    },
    "node_modules/partyserver": {
      "version": "0.5.5",
      "resolved": "https://registry.npmjs.org/partyserver/-/partyserver-0.5.5.tgz",
      "integrity": "sha512-7zub8oV8Od9dY2aXGrgzhX5GLceaWOg7xB5VWXtDcqt2BWVDIOCAgaF0AmBMSu3AXhJHsFdzPnA8SSZdybXMbQ==",
      "license": "ISC",
      "dependencies": {
        "nanoid": "^5.1.9"
      },
      "peerDependencies": {
        "@cloudflare/workers-types": "^4.20260424.1"
      }
    },
    "node_modules/partysocket": {
      "version": "1.1.18",
      "resolved": "https://registry.npmjs.org/partysocket/-/partysocket-1.1.18.tgz",
      "integrity": "sha512-SyuvH9VavWOSa14v6dYdp3yfSUDII4BQB1+TkGOFBkjfZKjnDBiba4fhdhwBlqGBkqw4ea3gTA1DYhSffX24Wg==",
      "license": "MIT",
      "dependencies": {
        "event-target-polyfill": "^0.0.4"
      },
      "peerDependencies": {
        "react": ">=17"
      },
      "peerDependenciesMeta": {
        "react": {
          "optional": true
        }
      }
    }
  }
}
